// !$*UTF8*$!
{
	archiveVersion = 1;
	classes = {
	};
	objectVersion = 46;
	objects = {

/* Begin PBXBuildFile section */
		D26CF9301CAED2350099C3E8 /* AppDelegate.swift in Sources */ = {isa = PBXBuildFile; fileRef = D26CF92F1CAED2350099C3E8 /* AppDelegate.swift */; };
		D26CF9321CAED2350099C3E8 /* Assets.xcassets in Resources */ = {isa = PBXBuildFile; fileRef = D26CF9311CAED2350099C3E8 /* Assets.xcassets */; };
		D26CF9351CAED2350099C3E8 /* MainMenu.xib in Resources */ = {isa = PBXBuildFile; fileRef = D26CF9331CAED2350099C3E8 /* MainMenu.xib */; };
		D26CF93D1CAED25A0099C3E8 /* SecondaryWindow.xib in Resources */ = {isa = PBXBuildFile; fileRef = D26CF93C1CAED25A0099C3E8 /* SecondaryWindow.xib */; };
		D26CF93F1CAED26C0099C3E8 /* SecondaryWindowController.swift in Sources */ = {isa = PBXBuildFile; fileRef = D26CF93E1CAED26C0099C3E8 /* SecondaryWindowController.swift */; };
/* End PBXBuildFile section */

/* Begin PBXFileReference section */
		D26CF92C1CAED2350099C3E8 /* Delegate.app */ = {isa = PBXFileReference; explicitFileType = wrapper.application; includeInIndex = 0; path = Delegate.app; sourceTree = BUILT_PRODUCTS_DIR; };
		D26CF92F1CAED2350099C3E8 /* AppDelegate.swift */ = {isa = PBXFileReference; lastKnownFileType = sourcecode.swift; path = AppDelegate.swift; sourceTree = "<group>"; };
		D26CF9311CAED2350099C3E8 /* Assets.xcassets */ = {isa = PBXFileReference; lastKnownFileType = folder.assetcatalog; path = Assets.xcassets; sourceTree = "<group>"; };
		D26CF9341CAED2350099C3E8 /* Base */ = {isa = PBXFileReference; lastKnownFileType = file.xib; name = Base; path = Base.lproj/MainMenu.xib; sourceTree = "<group>"; };
		D26CF9361CAED2350099C3E8 /* Info.plist */ = {isa = PBXFileReference; lastKnownFileType = text.plist.xml; path = Info.plist; sourceTree = "<group>"; };
		D26CF93C1CAED25A0099C3E8 /* SecondaryWindow.xib */ = {isa = PBXFileReference; fileEncoding = 4; lastKnownFileType = file.xib; path = SecondaryWindow.xib; sourceTree = "<group>"; };
		D26CF93E1CAED26C0099C3E8 /* SecondaryWindowController.swift */ = {isa = PBXFileReference; fileEncoding = 4; lastKnownFileType = sourcecode.swift; path = SecondaryWindowController.swift; sourceTree = "<group>"; };
/* End PBXFileReference section */

/* Begin PBXFrameworksBuildPhase section */
		D26CF9291CAED2350099C3E8 /* Frameworks */ = {
			isa = PBXFrameworksBuildPhase;
			buildActionMask = 2147483647;
			files = (
			);
			runOnlyForDeploymentPostprocessing = 0;
		};
/* End PBXFrameworksBuildPhase section */

/* Begin PBXGroup section */
		D26CF9231CAED2350099C3E8 = {
			isa = PBXGroup;
			children = (
				D26CF92E1CAED2350099C3E8 /* Delegate */,
				D26CF92D1CAED2350099C3E8 /* Products */,
			);
			sourceTree = "<group>";
		};
		D26CF92D1CAED2350099C3E8 /* Products */ = {
			isa = PBXGroup;
			children = (
				D26CF92C1CAED2350099C3E8 /* Delegate.app */,
			);
			name = Products;
			sourceTree = "<group>";
		};
		D26CF92E1CAED2350099C3E8 /* Delegate */ = {
			isa = PBXGroup;
			children = (
				D26CF92F1CAED2350099C3E8 /* AppDelegate.swift */,
				D26CF9311CAED2350099C3E8 /* Assets.xcassets */,
				D26CF9331CAED2350099C3E8 /* MainMenu.xib */,
				D26CF93E1CAED26C0099C3E8 /* SecondaryWindowController.swift */,
				D26CF93C1CAED25A0099C3E8 /* SecondaryWindow.xib */,
				D26CF9361CAED2350099C3E8 /* Info.plist */,
			);
			path = Delegate;
			sourceTree = "<group>";
		};
/* End PBXGroup section */

/* Begin PBXNativeTarget section */
		D26CF92B1CAED2350099C3E8 /* Delegate */ = {
			isa = PBXNativeTarget;
			buildConfigurationList = D26CF9391CAED2350099C3E8 /* Build configuration list for PBXNativeTarget "Delegate" */;
			buildPhases = (
				D26CF9281CAED2350099C3E8 /* Sources */,
				D26CF9291CAED2350099C3E8 /* Frameworks */,
				D26CF92A1CAED2350099C3E8 /* Resources */,
			);
			buildRules = (
			);
			dependencies = (
			);
			name = Delegate;
			productName = Delegate;
			productReference = D26CF92C1CAED2350099C3E8 /* Delegate.app */;
			productType = "com.apple.product-type.application";
		};
/* End PBXNativeTarget section */

/* Begin PBXProject section */
		D26CF9241CAED2350099C3E8 /* Project object */ = {
			isa = PBXProject;
			attributes = {
				LastSwiftUpdateCheck = 0720;
				LastUpgradeCheck = 0720;
				ORGANIZATIONNAME = "Humberto Contreras";
				TargetAttributes = {
					D26CF92B1CAED2350099C3E8 = {
						CreatedOnToolsVersion = 7.2.1;
					};
				};
			};
			buildConfigurationList = D26CF9271CAED2350099C3E8 /* Build configuration list for PBXProject "Delegate" */;
			compatibilityVersion = "Xcode 3.2";
			developmentRegion = English;
			hasScannedForEncodings = 0;
			knownRegions = (
				en,
				Base,
			);
			mainGroup = D26CF9231CAED2350099C3E8;
			productRefGroup = D26CF92D1CAED2350099C3E8 /* Products */;
			projectDirPath = "";
			projectRoot = "";
			targets = (
				D26CF92B1CAED2350099C3E8 /* Delegate */,
			);
		};
/* End PBXProject section */

/* Begin PBXResourcesBuildPhase section */
		D26CF92A1CAED2350099C3E8 /* Resources */ = {
			isa = PBXResourcesBuildPhase;
			buildActionMask = 2147483647;
			files = (
				D26CF9321CAED2350099C3E8 /* Assets.xcassets in Resources */,
				D26CF93D1CAED25A0099C3E8 /* SecondaryWindow.xib in Resources */,
				D26CF9351CAED2350099C3E8 /* MainMenu.xib in Resources */,
			);
			runOnlyForDeploymentPostprocessing = 0;
		};
/* End PBXResourcesBuildPhase section */

/* Begin PBXSourcesBuildPhase section */
		D26CF9281CAED2350099C3E8 /* Sources */ = {
			isa = PBXSourcesBuildPhase;
			buildActionMask = 2147483647;
			files = (
				D26CF93F1CAED26C0099C3E8 /* SecondaryWindowController.swift in Sources */,
				D26CF9301CAED2350099C3E8 /* AppDelegate.swift in Sources */,
			);
			runOnlyForDeploymentPostprocessing = 0;
		};
/* End PBXSourcesBuildPhase section */

/* Begin PBXVariantGroup section */
		D26CF9331CAED2350099C3E8 /* MainMenu.xib */ = {
			isa = PBXVariantGroup;
			children = (
				D26CF9341CAED2350099C3E8 /* Base */,
			);
			name = MainMenu.xib;
			sourceTree = "<group>";
		};
/* End PBXVariantGroup section */

/* Begin XCBuildConfiguration section */
		D26CF9371CAED2350099C3E8 /* Debug */ = {
			isa = XCBuildConfiguration;
			buildSettings = {
				ALWAYS_SEARCH_USER_PATHS = NO;
				CLANG_CXX_LANGUAGE_STANDARD = "gnu++0x";
				CLANG_CXX_LIBRARY = "libc++";
				CLANG_ENABLE_MODULES = YES;
				CLANG_ENABLE_OBJC_ARC = YES;
				CLANG_WARN_BOOL_CONVERSION = YES;
				CLANG_WARN_CONSTANT_CONVERSION = YES;
				CLANG_WARN_DIRECT_OBJC_ISA_USAGE = YES_ERROR;
				CLANG_WARN_EMPTY_BODY = YES;
				CLANG_WARN_ENUM_CONVERSION = YES;
				CLANG_WARN_INT_CONVERSION = YES;
				CLANG_WARN_OBJC_ROOT_CLASS = YES_ERROR;
				CLANG_WARN_UNREACHABLE_CODE = YES;
				CLANG_WARN__DUPLICATE_METHOD_MATCH = YES;
				CODE_SIGN_IDENTITY = "-";
				COPY_PHASE_STRIP = NO;
				DEBUG_INFORMATION_FORMAT = dwarf;
				ENABLE_STRICT_OBJC_MSGSEND = YES;
				ENABLE_TESTABILITY = YES;
				GCC_C_LANGUAGE_STANDARD = gnu99;
				GCC_DYNAMIC_NO_PIC = NO;
				GCC_NO_COMMON_BLOCKS = YES;
				GCC_OPTIMIZATION_LEVEL = 0;
				GCC_PREPROCESSOR_DEFINITIONS = (
					"DEBUG=1",
					"$(inherited)",
				);
				GCC_WARN_64_TO_32_BIT_CONVERSION = YES;
				GCC_WARN_ABOUT_RETURN_TYPE = YES_ERROR;
				GCC_WARN_UNDECLARED_SELECTOR = YES;
				GCC_WARN_UNINITIALIZED_AUTOS = YES_AGGRESSIVE;
				GCC_WARN_UNUSED_FUNCTION = YES;
				GCC_WARN_UNUSED_VARIABLE = YES;
				MACOSX_DEPLOYMENT_TARGET = 10.10;
				MTL_ENABLE_DEBUG_INFO = YES;
				ONLY_ACTIVE_ARCH = YES;
				SDKROOT = macosx;
				SWIFT_OPTIMIZATION_LEVEL = "-Onone";
			};
			name = Debug;
		};
		D26CF9381CAED2350099C3E8 /* Release */ = {
			isa = XCBuildConfiguration;
			buildSettings = {
				ALWAYS_SEARCH_USER_PATHS = NO;
				CLANG_CXX_LANGUAGE_STANDARD = "gnu++0x";
				CLANG_CXX_LIBRARY = "libc++";
				CLANG_ENABLE_MODULES = YES;
				CLANG_ENABLE_OBJC_ARC = YES;
				CLANG_WARN_BOOL_CONVERSION = YES;
				CLANG_WARN_CONSTANT_CONVERSION = YES;
				CLANG_WARN_DIRECT_OBJC_ISA_USAGE = YES_ERROR;
				CLANG_WARN_EMPTY_BODY = YES;
				CLANG_WARN_ENUM_CONVERSION = YES;
				CLANG_WARN_INT_CONVERSION = YES;
				CLANG_WARN_OBJC_ROOT_CLASS = YES_ERROR;
				CLANG_WARN_UNREACHABLE_CODE = YES;
				CLANG_WARN__DUPLICATE_METHOD_MATCH = YES;
				CODE_SIGN_IDENTITY = "-";
				COPY_PHASE_STRIP = NO;
				DEBUG_INFORMATION_FORMAT = "dwarf-with-dsym";
				ENABLE_NS_ASSERTIONS = NO;
				ENABLE_STRICT_OBJC_MSGSEND = YES;
				GCC_C_LANGUAGE_STANDARD = gnu99;
				GCC_NO_COMMON_BLOCKS = YES;
				GCC_WARN_64_TO_32_BIT_CONVERSION = YES;
				GCC_WARN_ABOUT_RETURN_TYPE = YES_ERROR;
				GCC_WARN_UNDECLARED_SELECTOR = YES;
				GCC_WARN_UNINITIALIZED_AUTOS = YES_AGGRESSIVE;
				GCC_WARN_UNUSED_FUNCTION = YES;
				GCC_WARN_UNUSED_VARIABLE = YES;
				MACOSX_DEPLOYMENT_TARGET = 10.10;
				MTL_ENABLE_DEBUG_INFO = NO;
				SDKROOT = macosx;
			};
			name = Release;
		};
		D26CF93A1CAED2350099C3E8 /* Debug */ = {
			isa = XCBuildConfiguration;
			buildSettings = {
				ASSETCATALOG_COMPILER_APPICON_NAME = AppIcon;
				COMBINE_HIDPI_IMAGES = YES;
				INFOPLIST_FILE = Delegate/Info.plist;
				LD_RUNPATH_SEARCH_PATHS = "$(inherited) @executable_path/../Frameworks";
				PRODUCT_BUNDLE_IDENTIFIER = hc.Delegate;
				PRODUCT_NAME = "$(TARGET_NAME)";
			};
			name = Debug;
		};
		D26CF93B1CAED2350099C3E8 /* Release */ = {
			isa = XCBuildConfiguration;
			buildSettings = {
				ASSETCATALOG_COMPILER_APPICON_NAME = AppIcon;
				COMBINE_HIDPI_IMAGES = YES;
				INFOPLIST_FILE = Delegate/Info.plist;
				LD_RUNPATH_SEARCH_PATHS = "$(inherited) @executable_path/../Frameworks";
				PRODUCT_BUNDLE_IDENTIFIER = hc.Delegate;
				PRODUCT_NAME = "$(TARGET_NAME)";
			};
			name = Release;
		};
/* End XCBuildConfiguration section */

/* Begin XCConfigurationList section */
		D26CF9271CAED2350099C3E8 /* Build configuration list for PBXProject "Delegate" */ = {
			isa = XCConfigurationList;
			buildConfigurations = (
				D26CF9371CAED2350099C3E8 /* Debug */,
				D26CF9381CAED2350099C3E8 /* Release */,
			);
			defaultConfigurationIsVisible = 0;
			defaultConfigurationName = Release;
		};
		D26CF9391CAED2350099C3E8 /* Build configuration list for PBXNativeTarget "Delegate" */ = {
			isa = XCConfigurationList;
			buildConfigurations = (
				D26CF93A1CAED2350099C3E8 /* Debug */,
				D26CF93B1CAED2350099C3E8 /* Release */,
			);
			defaultConfigurationIsVisible = 0;
		};
/* End XCConfigurationList section */
	};
	rootObject = D26CF9241CAED2350099C3E8 /* Project object */;
}
